
Microsoft Visual Studio Solution File, Format Version 12.00
# Visual Studio 15
Project("{FAE04EC0-301F-11D3-BF4B-00C04F79EFBC}") = "Assembly-CSharp-firstpass", "Assembly-CSharp-firstpass.csproj", "{F3CB1C0D-868A-78D6-C1C1-74373A10C160}"
EndProject
Project("{FAE04EC0-301F-11D3-BF4B-00C04F79EFBC}") = "Assembly-CSharp-Editor-firstpass", "Assembly-CSharp-Editor-firstpass.csproj", "{630052EE-0089-D02A-5322-22E27EB95AD9}"
EndProject
Global
	GlobalSection(SolutionConfigurationPlatforms) = preSolution
		Debug|Any CPU = Debug|Any CPU
		Release|Any CPU = Release|Any CPU
	EndGlobalSection
	GlobalSection(ProjectConfigurationPlatforms) = postSolution
		{F3CB1C0D-868A-78D6-C1C1-74373A10C160}.Debug|Any CPU.ActiveCfg = Debug|Any CPU
		{F3CB1C0D-868A-78D6-C1C1-74373A10C160}.Debug|Any CPU.Build.0 = Debug|Any CPU
		{F3CB1C0D-868A-78D6-C1C1-74373A10C160}.Release|Any CPU.ActiveCfg = Release|Any CPU
		{F3CB1C0D-868A-78D6-C1C1-74373A10C160}.Release|Any CPU.Build.0 = Release|Any CPU
		{630052EE-0089-D02A-5322-22E27EB95AD9}.Debug|Any CPU.ActiveCfg = Debug|Any CPU
		{630052EE-0089-D02A-5322-22E27EB95AD9}.Debug|Any CPU.Build.0 = Debug|Any CPU
		{630052EE-0089-D02A-5322-22E27EB95AD9}.Release|Any CPU.ActiveCfg = Release|Any CPU
		{630052EE-0089-D02A-5322-22E27EB95AD9}.Release|Any CPU.Build.0 = Release|Any CPU
	EndGlobalSection
	GlobalSection(SolutionProperties) = preSolution
		HideSolutionNode = FALSE
	EndGlobalSection
EndGlobal
